Microsoft Visual Studio Solution File, Format Version 12.00
# Visual Studio Version 16
VisualStudioVersion = 16.0.0.0
MinimumVisualStudioVersion = 16.0.0.0
Project("{9A19103F-16F7-4668-BE54-9A1E7A4F7556}") = "PosiTicks.Server", "Server\PosiTicks.Server.csproj", "{8A1C356E-5BFE-4651-9BD0-E6D42EA3AB2E}"
EndProject
Project("{9A19103F-16F7-4668-BE54-9A1E7A4F7556}") = "PosiTicks.Client", "Client\PosiTicks.Client.csproj", "{F8CFCE0A-7DCE-4A12-94C4-33EABAFE56FF}"
EndProject
Project("{9A19103F-16F7-4668-BE54-9A1E7A4F7556}") = "PosiTicks.Shared", "Shared\PosiTicks.Shared.csproj", "{722DEFBA-9C0C-4E34-A376-1D360D013253}"
EndProject
Project("{FAE04EC0-301F-11D3-BF4B-00C04F79EFBC}") = "PosiTicks.AcceptanceTests", "AcceptanceTests\PosiTicks.AcceptanceTests.csproj", "{E8B7DCA3-1311-4553-B52A-C7E93E1D8CC1}"
EndProject
Global
	GlobalSection(SolutionConfigurationPlatforms) = preSolution
		Debug|Any CPU = Debug|Any CPU
		Debug|x64 = Debug|x64
		Debug|x86 = Debug|x86
		Release|Any CPU = Release|Any CPU
		Release|x64 = Release|x64
		Release|x86 = Release|x86
	EndGlobalSection
	GlobalSection(ProjectConfigurationPlatforms) = postSolution
		{F8CFCE0A-7DCE-4A12-94C4-33EABAFE56FF}.Debug|Any CPU.ActiveCfg = Debug|Any CPU
		{F8CFCE0A-7DCE-4A12-94C4-33EABAFE56FF}.Debug|Any CPU.Build.0 = Debug|Any CPU
		{F8CFCE0A-7DCE-4A12-94C4-33EABAFE56FF}.Debug|x64.ActiveCfg = Debug|Any CPU
		{F8CFCE0A-7DCE-4A12-94C4-33EABAFE56FF}.Debug|x64.Build.0 = Debug|Any CPU
		{F8CFCE0A-7DCE-4A12-94C4-33EABAFE56FF}.Debug|x86.ActiveCfg = Debug|Any CPU
		{F8CFCE0A-7DCE-4A12-94C4-33EABAFE56FF}.Debug|x86.Build.0 = Debug|Any CPU
		{F8CFCE0A-7DCE-4A12-94C4-33EABAFE56FF}.Release|Any CPU.ActiveCfg = Release|Any CPU
		{F8CFCE0A-7DCE-4A12-94C4-33EABAFE56FF}.Release|Any CPU.Build.0 = Release|Any CPU
		{F8CFCE0A-7DCE-4A12-94C4-33EABAFE56FF}.Release|x64.ActiveCfg = Release|Any CPU
		{F8CFCE0A-7DCE-4A12-94C4-33EABAFE56FF}.Release|x64.Build.0 = Release|Any CPU
		{F8CFCE0A-7DCE-4A12-94C4-33EABAFE56FF}.Release|x86.ActiveCfg = Release|Any CPU
		{F8CFCE0A-7DCE-4A12-94C4-33EABAFE56FF}.Release|x86.Build.0 = Release|Any CPU
		{8A1C356E-5BFE-4651-9BD0-E6D42EA3AB2E}.Debug|Any CPU.ActiveCfg = Debug|Any CPU
		{8A1C356E-5BFE-4651-9BD0-E6D42EA3AB2E}.Debug|Any CPU.Build.0 = Debug|Any CPU
		{8A1C356E-5BFE-4651-9BD0-E6D42EA3AB2E}.Debug|x64.ActiveCfg = Debug|Any CPU
		{8A1C356E-5BFE-4651-9BD0-E6D42EA3AB2E}.Debug|x64.Build.0 = Debug|Any CPU
		{8A1C356E-5BFE-4651-9BD0-E6D42EA3AB2E}.Debug|x86.ActiveCfg = Debug|Any CPU
		{8A1C356E-5BFE-4651-9BD0-E6D42EA3AB2E}.Debug|x86.Build.0 = Debug|Any CPU
		{8A1C356E-5BFE-4651-9BD0-E6D42EA3AB2E}.Release|Any CPU.ActiveCfg = Release|Any CPU
		{8A1C356E-5BFE-4651-9BD0-E6D42EA3AB2E}.Release|Any CPU.Build.0 = Release|Any CPU
		{8A1C356E-5BFE-4651-9BD0-E6D42EA3AB2E}.Release|x64.ActiveCfg = Release|Any CPU
		{8A1C356E-5BFE-4651-9BD0-E6D42EA3AB2E}.Release|x64.Build.0 = Release|Any CPU
		{8A1C356E-5BFE-4651-9BD0-E6D42EA3AB2E}.Release|x86.ActiveCfg = Release|Any CPU
		{8A1C356E-5BFE-4651-9BD0-E6D42EA3AB2E}.Release|x86.Build.0 = Release|Any CPU
		{722DEFBA-9C0C-4E34-A376-1D360D013253}.Debug|Any CPU.ActiveCfg = Debug|Any CPU
		{722DEFBA-9C0C-4E34-A376-1D360D013253}.Debug|Any CPU.Build.0 = Debug|Any CPU
		{722DEFBA-9C0C-4E34-A376-1D360D013253}.Debug|x64.ActiveCfg = Debug|Any CPU
		{722DEFBA-9C0C-4E34-A376-1D360D013253}.Debug|x64.Build.0 = Debug|Any CPU
		{722DEFBA-9C0C-4E34-A376-1D360D013253}.Debug|x86.ActiveCfg = Debug|Any CPU
		{722DEFBA-9C0C-4E34-A376-1D360D013253}.Debug|x86.Build.0 = Debug|Any CPU
		{722DEFBA-9C0C-4E34-A376-1D360D013253}.Release|Any CPU.ActiveCfg = Release|Any CPU
		{722DEFBA-9C0C-4E34-A376-1D360D013253}.Release|Any CPU.Build.0 = Release|Any CPU
		{722DEFBA-9C0C-4E34-A376-1D360D013253}.Release|x64.ActiveCfg = Release|Any CPU
		{722DEFBA-9C0C-4E34-A376-1D360D013253}.Release|x64.Build.0 = Release|Any CPU
		{722DEFBA-9C0C-4E34-A376-1D360D013253}.Release|x86.ActiveCfg = Release|Any CPU
		{722DEFBA-9C0C-4E34-A376-1D360D013253}.Release|x86.Build.0 = Release|Any CPU
		{E8B7DCA3-1311-4553-B52A-C7E93E1D8CC1}.Debug|Any CPU.ActiveCfg = Debug|Any CPU
		{E8B7DCA3-1311-4553-B52A-C7E93E1D8CC1}.Debug|Any CPU.Build.0 = Debug|Any CPU
		{E8B7DCA3-1311-4553-B52A-C7E93E1D8CC1}.Debug|x64.ActiveCfg = Debug|Any CPU
		{E8B7DCA3-1311-4553-B52A-C7E93E1D8CC1}.Debug|x64.Build.0 = Debug|Any CPU
		{E8B7DCA3-1311-4553-B52A-C7E93E1D8CC1}.Debug|x86.ActiveCfg = Debug|Any CPU
		{E8B7DCA3-1311-4553-B52A-C7E93E1D8CC1}.Debug|x86.Build.0 = Debug|Any CPU
		{E8B7DCA3-1311-4553-B52A-C7E93E1D8CC1}.Release|Any CPU.ActiveCfg = Release|Any CPU
		{E8B7DCA3-1311-4553-B52A-C7E93E1D8CC1}.Release|Any CPU.Build.0 = Release|Any CPU
		{E8B7DCA3-1311-4553-B52A-C7E93E1D8CC1}.Release|x64.ActiveCfg = Release|Any CPU
		{E8B7DCA3-1311-4553-B52A-C7E93E1D8CC1}.Release|x64.Build.0 = Release|Any CPU
		{E8B7DCA3-1311-4553-B52A-C7E93E1D8CC1}.Release|x86.ActiveCfg = Release|Any CPU
		{E8B7DCA3-1311-4553-B52A-C7E93E1D8CC1}.Release|x86.Build.0 = Release|Any CPU
	EndGlobalSection
	GlobalSection(SolutionProperties) = preSolution
		HideSolutionNode = FALSE
	EndGlobalSection
	GlobalSection(ExtensibilityGlobals) = postSolution
		SolutionGuid = {1DB3981F-72FF-4A6F-9B5F-2DB58D5B8F9F}
	EndGlobalSection
EndGlobal
